// !$*UTF8*$!
{
	archiveVersion = 1;
	classes = {
	};
	objectVersion = 46;
	objects = {

/* Begin PBXBuildFile section */
		0438B25ECC4F5327219EF0FD /* Pods_20170802.framework in Frameworks */ = {isa = PBXBuildFile; fileRef = C0BDCCD153AF4B3EA74D2878 /* Pods_20170802.framework */; };
		AB81188A1F318C1300236B74 /* AppDelegate.swift in Sources */ = {isa = PBXBuildFile; fileRef = AB8118891F318C1300236B74 /* AppDelegate.swift */; };
		AB81188C1F318C1300236B74 /* ViewController.swift in Sources */ = {isa = PBXBuildFile; fileRef = AB81188B1F318C1300236B74 /* ViewController.swift */; };
		AB81188F1F318C1300236B74 /* Main.storyboard in Resources */ = {isa = PBXBuildFile; fileRef = AB81188D1F318C1300236B74 /* Main.storyboard */; };
		AB8118911F318C1300236B74 /* Assets.xcassets in Resources */ = {isa = PBXBuildFile; fileRef = AB8118901F318C1300236B74 /* Assets.xcassets */; };
		AB8118941F318C1300236B74 /* LaunchScreen.storyboard in Resources */ = {isa = PBXBuildFile; fileRef = AB8118921F318C1300236B74 /* LaunchScreen.storyboard */; };
/* End PBXBuildFile section */

/* Begin PBXFileReference section */
		1F4719C36AAF6B912D3C451C /* Pods-20170802.debug.xcconfig */ = {isa = PBXFileReference; includeInIndex = 1; lastKnownFileType = text.xcconfig; name = "Pods-20170802.debug.xcconfig"; path = "Pods/Target Support Files/Pods-20170802/Pods-20170802.debug.xcconfig"; sourceTree = "<group>"; };
		8A9994CAA51BFEB3834AEE2A /* Pods-20170802.release.xcconfig */ = {isa = PBXFileReference; includeInIndex = 1; lastKnownFileType = text.xcconfig; name = "Pods-20170802.release.xcconfig"; path = "Pods/Target Support Files/Pods-20170802/Pods-20170802.release.xcconfig"; sourceTree = "<group>"; };
		AB8118861F318C1300236B74 /* 20170802.app */ = {isa = PBXFileReference; explicitFileType = wrapper.application; includeInIndex = 0; path = 20170802.app; sourceTree = BUILT_PRODUCTS_DIR; };
		AB8118891F318C1300236B74 /* AppDelegate.swift */ = {isa = PBXFileReference; lastKnownFileType = sourcecode.swift; path = AppDelegate.swift; sourceTree = "<group>"; };
		AB81188B1F318C1300236B74 /* ViewController.swift */ = {isa = PBXFileReference; lastKnownFileType = sourcecode.swift; path = ViewController.swift; sourceTree = "<group>"; };
		AB81188E1F318C1300236B74 /* Base */ = {isa = PBXFileReference; lastKnownFileType = file.storyboard; name = Base; path = Base.lproj/Main.storyboard; sourceTree = "<group>"; };
		AB8118901F318C1300236B74 /* Assets.xcassets */ = {isa = PBXFileReference; lastKnownFileType = folder.assetcatalog; path = Assets.xcassets; sourceTree = "<group>"; };
		AB8118931F318C1300236B74 /* Base */ = {isa = PBXFileReference; lastKnownFileType = file.storyboard; name = Base; path = Base.lproj/LaunchScreen.storyboard; sourceTree = "<group>"; };
		AB8118951F318C1300236B74 /* Info.plist */ = {isa = PBXFileReference; lastKnownFileType = text.plist.xml; path = Info.plist; sourceTree = "<group>"; };
		C0BDCCD153AF4B3EA74D2878 /* Pods_20170802.framework */ = {isa = PBXFileReference; explicitFileType = wrapper.framework; includeInIndex = 0; path = Pods_20170802.framework; sourceTree = BUILT_PRODUCTS_DIR; };
/* End PBXFileReference section */

/* Begin PBXFrameworksBuildPhase section */
		AB8118831F318C1300236B74 /* Frameworks */ = {
			isa = PBXFrameworksBuildPhase;
			buildActionMask = 2147483647;
			files = (
				0438B25ECC4F5327219EF0FD /* Pods_20170802.framework in Frameworks */,
			);
			runOnlyForDeploymentPostprocessing = 0;
		};
/* End PBXFrameworksBuildPhase section */

/* Begin PBXGroup section */
		3399043F7D11F1172FAC648F /* Pods */ = {
			isa = PBXGroup;
			children = (
				1F4719C36AAF6B912D3C451C /* Pods-20170802.debug.xcconfig */,
				8A9994CAA51BFEB3834AEE2A /* Pods-20170802.release.xcconfig */,
			);
			name = Pods;
			sourceTree = "<group>";
		};
		AB81187D1F318C1300236B74 = {
			isa = PBXGroup;
			children = (
				AB8118881F318C1300236B74 /* 20170802 */,
				AB8118871F318C1300236B74 /* Products */,
				3399043F7D11F1172FAC648F /* Pods */,
				BDF2C55312FA1D238CE2AAF9 /* Frameworks */,
			);
			sourceTree = "<group>";
		};
		AB8118871F318C1300236B74 /* Products */ = {
			isa = PBXGroup;
			children = (
				AB8118861F318C1300236B74 /* 20170802.app */,
			);
			name = Products;
			sourceTree = "<group>";
		};
		AB8118881F318C1300236B74 /* 20170802 */ = {
			isa = PBXGroup;
			children = (
				AB8118891F318C1300236B74 /* AppDelegate.swift */,
				AB81188B1F318C1300236B74 /* ViewController.swift */,
				AB81188D1F318C1300236B74 /* Main.storyboard */,
				AB8118901F318C1300236B74 /* Assets.xcassets */,
				AB8118921F318C1300236B74 /* LaunchScreen.storyboard */,
				AB8118951F318C1300236B74 /* Info.plist */,
			);
			path = 20170802;
			sourceTree = "<group>";
		};
		BDF2C55312FA1D238CE2AAF9 /* Frameworks */ = {
			isa = PBXGroup;
			children = (
				C0BDCCD153AF4B3EA74D2878 /* Pods_20170802.framework */,
			);
			name = Frameworks;
			sourceTree = "<group>";
		};
/* End PBXGroup section */

/* Begin PBXNativeTarget section */
		AB8118851F318C1300236B74 /* 20170802 */ = {
			isa = PBXNativeTarget;
			buildConfigurationList = AB8118981F318C1300236B74 /* Build configuration list for PBXNativeTarget "20170802" */;
			buildPhases = (
				4FE99603565F93C558D9CE69 /* [CP] Check Pods Manifest.lock */,
				AB8118821F318C1300236B74 /* Sources */,
				AB8118831F318C1300236B74 /* Frameworks */,
				AB8118841F318C1300236B74 /* Resources */,
				56589332F3F968201C5CC065 /* [CP] Embed Pods Frameworks */,
				4CBB1FAE851C489F2E6453BE /* [CP] Copy Pods Resources */,
			);
			buildRules = (
			);
			dependencies = (
			);
			name = 20170802;
			productName = 20170802;
			productReference = AB8118861F318C1300236B74 /* 20170802.app */;
			productType = "com.apple.product-type.application";
		};
/* End PBXNativeTarget section */

/* Begin PBXProject section */
		AB81187E1F318C1300236B74 /* Project object */ = {
			isa = PBXProject;
			attributes = {
				LastSwiftUpdateCheck = 0830;
				LastUpgradeCheck = 0830;
				ORGANIZATIONNAME = nttr;
				TargetAttributes = {
					AB8118851F318C1300236B74 = {
						CreatedOnToolsVersion = 8.3.3;
						ProvisioningStyle = Automatic;
					};
				};
			};
			buildConfigurationList = AB8118811F318C1300236B74 /* Build configuration list for PBXProject "20170802" */;
			compatibilityVersion = "Xcode 3.2";
			developmentRegion = English;
			hasScannedForEncodings = 0;
			knownRegions = (
				en,
				Base,
			);
			mainGroup = AB81187D1F318C1300236B74;
			productRefGroup = AB8118871F318C1300236B74 /* Products */;
			projectDirPath = "";
			projectRoot = "";
			targets = (
				AB8118851F318C1300236B74 /* 20170802 */,
			);
		};
/* End PBXProject section */

/* Begin PBXResourcesBuildPhase section */
		AB8118841F318C1300236B74 /* Resources */ = {
			isa = PBXResourcesBuildPhase;
			buildActionMask = 2147483647;
			files = (
				AB8118941F318C1300236B74 /* LaunchScreen.storyboard in Resources */,
				AB8118911F318C1300236B74 /* Assets.xcassets in Resources */,
				AB81188F1F318C1300236B74 /* Main.storyboard in Resources */,
			);
			runOnlyForDeploymentPostprocessing = 0;
		};
/* End PBXResourcesBuildPhase section */

/* Begin PBXShellScriptBuildPhase section */
		4CBB1FAE851C489F2E6453BE /* [CP] Copy Pods Resources */ = {
			isa = PBXShellScriptBuildPhase;
			buildActionMask = 2147483647;
			files = (
			);
			inputPaths = (
			);
			name = "[CP] Copy Pods Resources";
			outputPaths = (
			);
			runOnlyForDeploymentPostprocessing = 0;
			shellPath = /bin/sh;
			shellScript = "\"${SRCROOT}/Pods/Target Support Files/Pods-20170802/Pods-20170802-resources.sh\"\n";
			showEnvVarsInLog = 0;
		};
		4FE99603565F93C558D9CE69 /* [CP] Check Pods Manifest.lock */ = {
			isa = PBXShellScriptBuildPhase;
			buildActionMask = 2147483647;
			files = (
			);
			inputPaths = (
			);
			name = "[CP] Check Pods Manifest.lock";
			outputPaths = (
			);
			runOnlyForDeploymentPostprocessing = 0;
			shellPath = /bin/sh;
			shellScript = "diff \"${PODS_PODFILE_DIR_PATH}/Podfile.lock\" \"${PODS_ROOT}/Manifest.lock\" > /dev/null\nif [ $? != 0 ] ; then\n    # print error to STDERR\n    echo \"error: The sandbox is not in sync with the Podfile.lock. Run 'pod install' or update your CocoaPods installation.\" >&2\n    exit 1\nfi\n";
			showEnvVarsInLog = 0;
		};
		56589332F3F968201C5CC065 /* [CP] Embed Pods Frameworks */ = {
			isa = PBXShellScriptBuildPhase;
			buildActionMask = 2147483647;
			files = (
			);
			inputPaths = (
			);
			name = "[CP] Embed Pods Frameworks";
			outputPaths = (
			);
			runOnlyForDeploymentPostprocessing = 0;
			shellPath = /bin/sh;
			shellScript = "\"${SRCROOT}/Pods/Target Support Files/Pods-20170802/Pods-20170802-frameworks.sh\"\n";
			showEnvVarsInLog = 0;
		};
/* End PBXShellScriptBuildPhase section */

/* Begin PBXSourcesBuildPhase section */
		AB8118821F318C1300236B74 /* Sources */ = {
			isa = PBXSourcesBuildPhase;
			buildActionMask = 2147483647;
			files = (
				AB81188C1F318C1300236B74 /* ViewController.swift in Sources */,
				AB81188A1F318C1300236B74 /* AppDelegate.swift in Sources */,
			);
			runOnlyForDeploymentPostprocessing = 0;
		};
/* End PBXSourcesBuildPhase section */

/* Begin PBXVariantGroup section */
		AB81188D1F318C1300236B74 /* Main.storyboard */ = {
			isa = PBXVariantGroup;
			children = (
				AB81188E1F318C1300236B74 /* Base */,
			);
			name = Main.storyboard;
			sourceTree = "<group>";
		};
		AB8118921F318C1300236B74 /* LaunchScreen.storyboard */ = {
			isa = PBXVariantGroup;
			children = (
				AB8118931F318C1300236B74 /* Base */,
			);
			name = LaunchScreen.storyboard;
			sourceTree = "<group>";
		};
/* End PBXVariantGroup section */

/* Begin XCBuildConfiguration section */
		AB8118961F318C1300236B74 /* Debug */ = {
			isa = XCBuildConfiguration;
			buildSettings = {
				ALWAYS_SEARCH_USER_PATHS = NO;
				CLANG_ANALYZER_NONNULL = YES;
				CLANG_ANALYZER_NUMBER_OBJECT_CONVERSION = YES_AGGRESSIVE;
				CLANG_CXX_LANGUAGE_STANDARD = "gnu++0x";
				CLANG_CXX_LIBRARY = "libc++";
				CLANG_ENABLE_MODULES = YES;
				CLANG_ENABLE_OBJC_ARC = YES;
				CLANG_WARN_BOOL_CONVERSION = YES;
				CLANG_WARN_CONSTANT_CONVERSION = YES;
				CLANG_WARN_DIRECT_OBJC_ISA_USAGE = YES_ERROR;
				CLANG_WARN_DOCUMENTATION_COMMENTS = YES;
				CLANG_WARN_EMPTY_BODY = YES;
				CLANG_WARN_ENUM_CONVERSION = YES;
				CLANG_WARN_INFINITE_RECURSION = YES;
				CLANG_WARN_INT_CONVERSION = YES;
				CLANG_WARN_OBJC_ROOT_CLASS = YES_ERROR;
				CLANG_WARN_SUSPICIOUS_MOVE = YES;
				CLANG_WARN_UNREACHABLE_CODE = YES;
				CLANG_WARN__DUPLICATE_METHOD_MATCH = YES;
				"CODE_SIGN_IDENTITY[sdk=iphoneos*]" = "iPhone Developer";
				COPY_PHASE_STRIP = NO;
				DEBUG_INFORMATION_FORMAT = dwarf;
				ENABLE_STRICT_OBJC_MSGSEND = YES;
				ENABLE_TESTABILITY = YES;
				GCC_C_LANGUAGE_STANDARD = gnu99;
				GCC_DYNAMIC_NO_PIC = NO;
				GCC_NO_COMMON_BLOCKS = YES;
				GCC_OPTIMIZATION_LEVEL = 0;
				GCC_PREPROCESSOR_DEFINITIONS = (
					"DEBUG=1",
					"$(inherited)",
				);
				GCC_WARN_64_TO_32_BIT_CONVERSION = YES;
				GCC_WARN_ABOUT_RETURN_TYPE = YES_ERROR;
				GCC_WARN_UNDECLARED_SELECTOR = YES;
				GCC_WARN_UNINITIALIZED_AUTOS = YES_AGGRESSIVE;
				GCC_WARN_UNUSED_FUNCTION = YES;
				GCC_WARN_UNUSED_VARIABLE = YES;
				IPHONEOS_DEPLOYMENT_TARGET = 10.3;
				MTL_ENABLE_DEBUG_INFO = YES;
				ONLY_ACTIVE_ARCH = YES;
				SDKROOT = iphoneos;
				SWIFT_ACTIVE_COMPILATION_CONDITIONS = DEBUG;
				SWIFT_OPTIMIZATION_LEVEL = "-Onone";
			};
			name = Debug;
		};
		AB8118971F318C1300236B74 /* Release */ = {
			isa = XCBuildConfiguration;
			buildSettings = {
				ALWAYS_SEARCH_USER_PATHS = NO;
				CLANG_ANALYZER_NONNULL = YES;
				CLANG_ANALYZER_NUMBER_OBJECT_CONVERSION = YES_AGGRESSIVE;
				CLANG_CXX_LANGUAGE_STANDARD = "gnu++0x";
				CLANG_CXX_LIBRARY = "libc++";
				CLANG_ENABLE_MODULES = YES;
				CLANG_ENABLE_OBJC_ARC = YES;
				CLANG_WARN_BOOL_CONVERSION = YES;
				CLANG_WARN_CONSTANT_CONVERSION = YES;
				CLANG_WARN_DIRECT_OBJC_ISA_USAGE = YES_ERROR;
				CLANG_WARN_DOCUMENTATION_COMMENTS = YES;
				CLANG_WARN_EMPTY_BODY = YES;
				CLANG_WARN_ENUM_CONVERSION = YES;
				CLANG_WARN_INFINITE_RECURSION = YES;
				CLANG_WARN_INT_CONVERSION = YES;
				CLANG_WARN_OBJC_ROOT_CLASS = YES_ERROR;
				CLANG_WARN_SUSPICIOUS_MOVE = YES;
				CLANG_WARN_UNREACHABLE_CODE = YES;
				CLANG_WARN__DUPLICATE_METHOD_MATCH = YES;
				"CODE_SIGN_IDENTITY[sdk=iphoneos*]" = "iPhone Developer";
				COPY_PHASE_STRIP = NO;
				DEBUG_INFORMATION_FORMAT = "dwarf-with-dsym";
				ENABLE_NS_ASSERTIONS = NO;
				ENABLE_STRICT_OBJC_MSGSEND = YES;
				GCC_C_LANGUAGE_STANDARD = gnu99;
				GCC_NO_COMMON_BLOCKS = YES;
				GCC_WARN_64_TO_32_BIT_CONVERSION = YES;
				GCC_WARN_ABOUT_RETURN_TYPE = YES_ERROR;
				GCC_WARN_UNDECLARED_SELECTOR = YES;
				GCC_WARN_UNINITIALIZED_AUTOS = YES_AGGRESSIVE;
				GCC_WARN_UNUSED_FUNCTION = YES;
				GCC_WARN_UNUSED_VARIABLE = YES;
				IPHONEOS_DEPLOYMENT_TARGET = 10.3;
				MTL_ENABLE_DEBUG_INFO = NO;
				SDKROOT = iphoneos;
				SWIFT_OPTIMIZATION_LEVEL = "-Owholemodule";
				VALIDATE_PRODUCT = YES;
			};
			name = Release;
		};
		AB8118991F318C1300236B74 /* Debug */ = {
			isa = XCBuildConfiguration;
			baseConfigurationReference = 1F4719C36AAF6B912D3C451C /* Pods-20170802.debug.xcconfig */;
			buildSettings = {
				ASSETCATALOG_COMPILER_APPICON_NAME = AppIcon;
				INFOPLIST_FILE = 20170802/Info.plist;
				LD_RUNPATH_SEARCH_PATHS = "$(inherited) @executable_path/Frameworks";
				PRODUCT_BUNDLE_IDENTIFIER = "hamada.nttr.-0170802";
				PRODUCT_NAME = "$(TARGET_NAME)";
				SWIFT_VERSION = 3.0;
			};
			name = Debug;
		};
		AB81189A1F318C1300236B74 /* Release */ = {
			isa = XCBuildConfiguration;
			baseConfigurationReference = 8A9994CAA51BFEB3834AEE2A /* Pods-20170802.release.xcconfig */;
			buildSettings = {
				ASSETCATALOG_COMPILER_APPICON_NAME = AppIcon;
				INFOPLIST_FILE = 20170802/Info.plist;
				LD_RUNPATH_SEARCH_PATHS = "$(inherited) @executable_path/Frameworks";
				PRODUCT_BUNDLE_IDENTIFIER = "hamada.nttr.-0170802";
				PRODUCT_NAME = "$(TARGET_NAME)";
				SWIFT_VERSION = 3.0;
			};
			name = Release;
		};
/* End XCBuildConfiguration section */

/* Begin XCConfigurationList section */
		AB8118811F318C1300236B74 /* Build configuration list for PBXProject "20170802" */ = {
			isa = XCConfigurationList;
			buildConfigurations = (
				AB8118961F318C1300236B74 /* Debug */,
				AB8118971F318C1300236B74 /* Release */,
			);
			defaultConfigurationIsVisible = 0;
			defaultConfigurationName = Release;
		};
		AB8118981F318C1300236B74 /* Build configuration list for PBXNativeTarget "20170802" */ = {
			isa = XCConfigurationList;
			buildConfigurations = (
				AB8118991F318C1300236B74 /* Debug */,
				AB81189A1F318C1300236B74 /* Release */,
			);
			defaultConfigurationIsVisible = 0;
		};
/* End XCConfigurationList section */
	};
	rootObject = AB81187E1F318C1300236B74 /* Project object */;
}
